
Microsoft Visual Studio Solution File, Format Version 12.00
# Visual Studio Version 16
VisualStudioVersion = 16.0.31321.278
MinimumVisualStudioVersion = 10.0.40219.1
Project("{FAE04EC0-301F-11D3-BF4B-00C04F79EFBC}") = "uvaa.Framework.AppSettings", "uvaa.Framework.AppSettings\uvaa.Framework.AppSettings.csproj", "{8DA4F92A-275E-44F9-BB93-2E7E6268E746}"
EndProject
Global
	GlobalSection(SolutionConfigurationPlatforms) = preSolution
		Debug|Any CPU = Debug|Any CPU
		Release|Any CPU = Release|Any CPU
	EndGlobalSection
	GlobalSection(ProjectConfigurationPlatforms) = postSolution
		{8DA4F92A-275E-44F9-BB93-2E7E6268E746}.Debug|Any CPU.ActiveCfg = Debug|Any CPU
		{8DA4F92A-275E-44F9-BB93-2E7E6268E746}.Debug|Any CPU.Build.0 = Debug|Any CPU
		{8DA4F92A-275E-44F9-BB93-2E7E6268E746}.Release|Any CPU.ActiveCfg = Release|Any CPU
		{8DA4F92A-275E-44F9-BB93-2E7E6268E746}.Release|Any CPU.Build.0 = Release|Any CPU
	EndGlobalSection
	GlobalSection(SolutionProperties) = preSolution
		HideSolutionNode = FALSE
	EndGlobalSection
	GlobalSection(ExtensibilityGlobals) = postSolution
		SolutionGuid = {6EFCE4D7-0174-4B0C-AC41-7825F188881E}
	EndGlobalSection
EndGlobal
